
Microsoft Visual Studio Solution File, Format Version 12.00
# Visual Studio 15
VisualStudioVersion = 15.0.28010.2026
MinimumVisualStudioVersion = 10.0.40219.1
Project("{8BC9CEB8-8B4A-11D0-8D11-00A0C91BC942}") = "Sandbox", "Sandbox\Sandbox.vcxproj", "{6DE3A18B-E41D-413D-A01A-52E8068B591F}"
EndProject
Project("{8BC9CEB8-8B4A-11D0-8D11-00A0C91BC942}") = "Hazel", "Hazel\Hazel.vcxproj", "{7B9833D5-1CC5-491C-B225-6F115367596C}"
EndProject
Project("{2150E333-8FDC-42A3-9474-1A3956D46DE8}") = "Solution Items", "Solution Items", "{DDFED974-5AD1-4431-9BA4-13E75C50D05E}"
	ProjectSection(SolutionItems) = preProject
		.gitignore = .gitignore
	EndProjectSection
EndProject
Global
	GlobalSection(SolutionConfigurationPlatforms) = preSolution
		Debug|x64 = Debug|x64
		Release|x64 = Release|x64
	EndGlobalSection
	GlobalSection(ProjectConfigurationPlatforms) = postSolution
		{6DE3A18B-E41D-413D-A01A-52E8068B591F}.Debug|x64.ActiveCfg = Debug|x64
		{6DE3A18B-E41D-413D-A01A-52E8068B591F}.Debug|x64.Build.0 = Debug|x64
		{6DE3A18B-E41D-413D-A01A-52E8068B591F}.Release|x64.ActiveCfg = Release|x64
		{6DE3A18B-E41D-413D-A01A-52E8068B591F}.Release|x64.Build.0 = Release|x64
		{7B9833D5-1CC5-491C-B225-6F115367596C}.Debug|x64.ActiveCfg = Debug|x64
		{7B9833D5-1CC5-491C-B225-6F115367596C}.Debug|x64.Build.0 = Debug|x64
		{7B9833D5-1CC5-491C-B225-6F115367596C}.Release|x64.ActiveCfg = Release|x64
		{7B9833D5-1CC5-491C-B225-6F115367596C}.Release|x64.Build.0 = Release|x64
	EndGlobalSection
	GlobalSection(SolutionProperties) = preSolution
		HideSolutionNode = FALSE
	EndGlobalSection
	GlobalSection(ExtensibilityGlobals) = postSolution
		SolutionGuid = {85F37594-894E-416A-B960-A3BFA2CE2633}
	EndGlobalSection
EndGlobal
